
Microsoft Visual Studio Solution File, Format Version 12.00
# Visual Studio 15
Project("{FAE04EC0-301F-11D3-BF4B-00C04F79EFBC}") = "Assembly-CSharp-firstpass", "Assembly-CSharp-firstpass.csproj", "{846C9E07-2BC4-B24D-6AAD-4CCF1849B648}"
EndProject
Project("{FAE04EC0-301F-11D3-BF4B-00C04F79EFBC}") = "Assembly-CSharp", "Assembly-CSharp.csproj", "{38E41F82-173B-2026-419E-842F0186E2DA}"
EndProject
Project("{FAE04EC0-301F-11D3-BF4B-00C04F79EFBC}") = "Assembly-CSharp-Editor-firstpass", "Assembly-CSharp-Editor-firstpass.csproj", "{244E4628-C7E9-CE24-65EF-EBC9B10678E5}"
EndProject
Global
	GlobalSection(SolutionConfigurationPlatforms) = preSolution
		Debug|Any CPU = Debug|Any CPU
		Release|Any CPU = Release|Any CPU
	EndGlobalSection
	GlobalSection(ProjectConfigurationPlatforms) = postSolution
		{846C9E07-2BC4-B24D-6AAD-4CCF1849B648}.Debug|Any CPU.ActiveCfg = Debug|Any CPU
		{846C9E07-2BC4-B24D-6AAD-4CCF1849B648}.Debug|Any CPU.Build.0 = Debug|Any CPU
		{846C9E07-2BC4-B24D-6AAD-4CCF1849B648}.Release|Any CPU.ActiveCfg = Release|Any CPU
		{846C9E07-2BC4-B24D-6AAD-4CCF1849B648}.Release|Any CPU.Build.0 = Release|Any CPU
		{38E41F82-173B-2026-419E-842F0186E2DA}.Debug|Any CPU.ActiveCfg = Debug|Any CPU
		{38E41F82-173B-2026-419E-842F0186E2DA}.Debug|Any CPU.Build.0 = Debug|Any CPU
		{38E41F82-173B-2026-419E-842F0186E2DA}.Release|Any CPU.ActiveCfg = Release|Any CPU
		{38E41F82-173B-2026-419E-842F0186E2DA}.Release|Any CPU.Build.0 = Release|Any CPU
		{244E4628-C7E9-CE24-65EF-EBC9B10678E5}.Debug|Any CPU.ActiveCfg = Debug|Any CPU
		{244E4628-C7E9-CE24-65EF-EBC9B10678E5}.Debug|Any CPU.Build.0 = Debug|Any CPU
		{244E4628-C7E9-CE24-65EF-EBC9B10678E5}.Release|Any CPU.ActiveCfg = Release|Any CPU
		{244E4628-C7E9-CE24-65EF-EBC9B10678E5}.Release|Any CPU.Build.0 = Release|Any CPU
	EndGlobalSection
	GlobalSection(SolutionProperties) = preSolution
		HideSolutionNode = FALSE
	EndGlobalSection
	GlobalSection(MonoDevelopProperties) = preSolution
		StartupItem = Assembly-CSharp.csproj
	EndGlobalSection
EndGlobal
